
Microsoft Visual Studio Solution File, Format Version 12.00
# Visual Studio Version 16
VisualStudioVersion = 16.0.30114.105
MinimumVisualStudioVersion = 10.0.40219.1
Project("{FAE04EC0-301F-11D3-BF4B-00C04F79EFBC}") = "CafeLibrary", "CafeLibrary\CafeLibrary.csproj", "{F4348750-89A7-4275-A09D-9FD6391653BD}"
EndProject
Project("{FAE04EC0-301F-11D3-BF4B-00C04F79EFBC}") = "CafeTests", "CafeTests\CafeTests.csproj", "{5B903824-78F2-4D96-851D-FF2496A8362F}"
EndProject
Project("{FAE04EC0-301F-11D3-BF4B-00C04F79EFBC}") = "CafeUI", "CafeUI\CafeUI.csproj", "{E2E0931D-F324-4C05-A20C-BAA7ADB6C3B0}"
EndProject
Global
	GlobalSection(SolutionConfigurationPlatforms) = preSolution
		Debug|Any CPU = Debug|Any CPU
		Debug|x64 = Debug|x64
		Debug|x86 = Debug|x86
		Release|Any CPU = Release|Any CPU
		Release|x64 = Release|x64
		Release|x86 = Release|x86
	EndGlobalSection
	GlobalSection(SolutionProperties) = preSolution
		HideSolutionNode = FALSE
	EndGlobalSection
	GlobalSection(ProjectConfigurationPlatforms) = postSolution
		{F4348750-89A7-4275-A09D-9FD6391653BD}.Debug|Any CPU.ActiveCfg = Debug|Any CPU
		{F4348750-89A7-4275-A09D-9FD6391653BD}.Debug|Any CPU.Build.0 = Debug|Any CPU
		{F4348750-89A7-4275-A09D-9FD6391653BD}.Debug|x64.ActiveCfg = Debug|Any CPU
		{F4348750-89A7-4275-A09D-9FD6391653BD}.Debug|x64.Build.0 = Debug|Any CPU
		{F4348750-89A7-4275-A09D-9FD6391653BD}.Debug|x86.ActiveCfg = Debug|Any CPU
		{F4348750-89A7-4275-A09D-9FD6391653BD}.Debug|x86.Build.0 = Debug|Any CPU
		{F4348750-89A7-4275-A09D-9FD6391653BD}.Release|Any CPU.ActiveCfg = Release|Any CPU
		{F4348750-89A7-4275-A09D-9FD6391653BD}.Release|Any CPU.Build.0 = Release|Any CPU
		{F4348750-89A7-4275-A09D-9FD6391653BD}.Release|x64.ActiveCfg = Release|Any CPU
		{F4348750-89A7-4275-A09D-9FD6391653BD}.Release|x64.Build.0 = Release|Any CPU
		{F4348750-89A7-4275-A09D-9FD6391653BD}.Release|x86.ActiveCfg = Release|Any CPU
		{F4348750-89A7-4275-A09D-9FD6391653BD}.Release|x86.Build.0 = Release|Any CPU
		{5B903824-78F2-4D96-851D-FF2496A8362F}.Debug|Any CPU.ActiveCfg = Debug|Any CPU
		{5B903824-78F2-4D96-851D-FF2496A8362F}.Debug|Any CPU.Build.0 = Debug|Any CPU
		{5B903824-78F2-4D96-851D-FF2496A8362F}.Debug|x64.ActiveCfg = Debug|Any CPU
		{5B903824-78F2-4D96-851D-FF2496A8362F}.Debug|x64.Build.0 = Debug|Any CPU
		{5B903824-78F2-4D96-851D-FF2496A8362F}.Debug|x86.ActiveCfg = Debug|Any CPU
		{5B903824-78F2-4D96-851D-FF2496A8362F}.Debug|x86.Build.0 = Debug|Any CPU
		{5B903824-78F2-4D96-851D-FF2496A8362F}.Release|Any CPU.ActiveCfg = Release|Any CPU
		{5B903824-78F2-4D96-851D-FF2496A8362F}.Release|Any CPU.Build.0 = Release|Any CPU
		{5B903824-78F2-4D96-851D-FF2496A8362F}.Release|x64.ActiveCfg = Release|Any CPU
		{5B903824-78F2-4D96-851D-FF2496A8362F}.Release|x64.Build.0 = Release|Any CPU
		{5B903824-78F2-4D96-851D-FF2496A8362F}.Release|x86.ActiveCfg = Release|Any CPU
		{5B903824-78F2-4D96-851D-FF2496A8362F}.Release|x86.Build.0 = Release|Any CPU
		{E2E0931D-F324-4C05-A20C-BAA7ADB6C3B0}.Debug|Any CPU.ActiveCfg = Debug|Any CPU
		{E2E0931D-F324-4C05-A20C-BAA7ADB6C3B0}.Debug|Any CPU.Build.0 = Debug|Any CPU
		{E2E0931D-F324-4C05-A20C-BAA7ADB6C3B0}.Debug|x64.ActiveCfg = Debug|Any CPU
		{E2E0931D-F324-4C05-A20C-BAA7ADB6C3B0}.Debug|x64.Build.0 = Debug|Any CPU
		{E2E0931D-F324-4C05-A20C-BAA7ADB6C3B0}.Debug|x86.ActiveCfg = Debug|Any CPU
		{E2E0931D-F324-4C05-A20C-BAA7ADB6C3B0}.Debug|x86.Build.0 = Debug|Any CPU
		{E2E0931D-F324-4C05-A20C-BAA7ADB6C3B0}.Release|Any CPU.ActiveCfg = Release|Any CPU
		{E2E0931D-F324-4C05-A20C-BAA7ADB6C3B0}.Release|Any CPU.Build.0 = Release|Any CPU
		{E2E0931D-F324-4C05-A20C-BAA7ADB6C3B0}.Release|x64.ActiveCfg = Release|Any CPU
		{E2E0931D-F324-4C05-A20C-BAA7ADB6C3B0}.Release|x64.Build.0 = Release|Any CPU
		{E2E0931D-F324-4C05-A20C-BAA7ADB6C3B0}.Release|x86.ActiveCfg = Release|Any CPU
		{E2E0931D-F324-4C05-A20C-BAA7ADB6C3B0}.Release|x86.Build.0 = Release|Any CPU
	EndGlobalSection
EndGlobal
